
Microsoft Visual Studio Solution File, Format Version 12.00
# Visual Studio Version 16
VisualStudioVersion = 16.0.30523.141
MinimumVisualStudioVersion = 10.0.40219.1
Project("{9A19103F-16F7-4668-BE54-9A1E7A4F7556}") = "TasksManagerAPI", "TasksManagerAPI\TasksManagerAPI.csproj", "{379D1537-6933-442D-B64A-8F7C668D93CD}"
EndProject
Project("{9A19103F-16F7-4668-BE54-9A1E7A4F7556}") = "DAL", "DAL\DAL.csproj", "{2C75D624-023D-4670-BFD3-E5C3150C4093}"
EndProject
Project("{FAE04EC0-301F-11D3-BF4B-00C04F79EFBC}") = "BLL", "BLL\BLL.csproj", "{334C0C9A-C85C-42ED-BCD8-1119362E6503}"
EndProject
Global
	GlobalSection(SolutionConfigurationPlatforms) = preSolution
		Debug|Any CPU = Debug|Any CPU
		Release|Any CPU = Release|Any CPU
	EndGlobalSection
	GlobalSection(ProjectConfigurationPlatforms) = postSolution
		{379D1537-6933-442D-B64A-8F7C668D93CD}.Debug|Any CPU.ActiveCfg = Debug|Any CPU
		{379D1537-6933-442D-B64A-8F7C668D93CD}.Debug|Any CPU.Build.0 = Debug|Any CPU
		{379D1537-6933-442D-B64A-8F7C668D93CD}.Release|Any CPU.ActiveCfg = Release|Any CPU
		{379D1537-6933-442D-B64A-8F7C668D93CD}.Release|Any CPU.Build.0 = Release|Any CPU
		{2C75D624-023D-4670-BFD3-E5C3150C4093}.Debug|Any CPU.ActiveCfg = Debug|Any CPU
		{2C75D624-023D-4670-BFD3-E5C3150C4093}.Debug|Any CPU.Build.0 = Debug|Any CPU
		{2C75D624-023D-4670-BFD3-E5C3150C4093}.Release|Any CPU.ActiveCfg = Release|Any CPU
		{2C75D624-023D-4670-BFD3-E5C3150C4093}.Release|Any CPU.Build.0 = Release|Any CPU
		{334C0C9A-C85C-42ED-BCD8-1119362E6503}.Debug|Any CPU.ActiveCfg = Debug|Any CPU
		{334C0C9A-C85C-42ED-BCD8-1119362E6503}.Debug|Any CPU.Build.0 = Debug|Any CPU
		{334C0C9A-C85C-42ED-BCD8-1119362E6503}.Release|Any CPU.ActiveCfg = Release|Any CPU
		{334C0C9A-C85C-42ED-BCD8-1119362E6503}.Release|Any CPU.Build.0 = Release|Any CPU
	EndGlobalSection
	GlobalSection(SolutionProperties) = preSolution
		HideSolutionNode = FALSE
	EndGlobalSection
	GlobalSection(ExtensibilityGlobals) = postSolution
		SolutionGuid = {FAAE51EE-A91B-464A-9AA6-A0FEF496E4FE}
	EndGlobalSection
EndGlobal
